// !$*UTF8*$!
{
	archiveVersion = 1;
	classes = {
	};
	objectVersion = 56;
	objects = {

/* Begin PBXBuildFile section */
		D30846612AB60ECE00DA31D7 /* ContentViewModel.swift in Sources */ = {isa = PBXBuildFile; fileRef = D30846602AB60ECE00DA31D7 /* ContentViewModel.swift */; };
		D308469B2AB671C900DA31D7 /* QuizEnds.swift in Sources */ = {isa = PBXBuildFile; fileRef = D308469A2AB671C900DA31D7 /* QuizEnds.swift */; };
		D36D96172AB561E400CB1809 /* TipFarmApp.swift in Sources */ = {isa = PBXBuildFile; fileRef = D36D96162AB561E400CB1809 /* TipFarmApp.swift */; };
		D36D96192AB561E400CB1809 /* ContentView.swift in Sources */ = {isa = PBXBuildFile; fileRef = D36D96182AB561E400CB1809 /* ContentView.swift */; };
		D36D961B2AB561E500CB1809 /* Assets.xcassets in Resources */ = {isa = PBXBuildFile; fileRef = D36D961A2AB561E500CB1809 /* Assets.xcassets */; };
		D36D961E2AB561E500CB1809 /* Preview Assets.xcassets in Resources */ = {isa = PBXBuildFile; fileRef = D36D961D2AB561E500CB1809 /* Preview Assets.xcassets */; };
		D36D96282AB561E500CB1809 /* TipFarmTests.swift in Sources */ = {isa = PBXBuildFile; fileRef = D36D96272AB561E500CB1809 /* TipFarmTests.swift */; };
		D36D96322AB561E500CB1809 /* TipFarmUITests.swift in Sources */ = {isa = PBXBuildFile; fileRef = D36D96312AB561E500CB1809 /* TipFarmUITests.swift */; };
		D36D96342AB561E500CB1809 /* TipFarmUITestsLaunchTests.swift in Sources */ = {isa = PBXBuildFile; fileRef = D36D96332AB561E500CB1809 /* TipFarmUITestsLaunchTests.swift */; };
		D37E41A22AB7418900FBE68E /* CarView.swift in Sources */ = {isa = PBXBuildFile; fileRef = D37E41A12AB7418900FBE68E /* CarView.swift */; };
/* End PBXBuildFile section */

/* Begin PBXContainerItemProxy section */
		D36D96242AB561E500CB1809 /* PBXContainerItemProxy */ = {
			isa = PBXContainerItemProxy;
			containerPortal = D36D960B2AB561E400CB1809 /* Project object */;
			proxyType = 1;
			remoteGlobalIDString = D36D96122AB561E400CB1809;
			remoteInfo = TipFarm;
		};
		D36D962E2AB561E500CB1809 /* PBXContainerItemProxy */ = {
			isa = PBXContainerItemProxy;
			containerPortal = D36D960B2AB561E400CB1809 /* Project object */;
			proxyType = 1;
			remoteGlobalIDString = D36D96122AB561E400CB1809;
			remoteInfo = TipFarm;
		};
/* End PBXContainerItemProxy section */

/* Begin PBXCopyFilesBuildPhase section */
		D30846812AB625AB00DA31D7 /* Embed Foundation Extensions */ = {
			isa = PBXCopyFilesBuildPhase;
			buildActionMask = 2147483647;
			dstPath = "";
			dstSubfolderSpec = 13;
			files = (
			);
			name = "Embed Foundation Extensions";
			runOnlyForDeploymentPostprocessing = 0;
		};
/* End PBXCopyFilesBuildPhase section */

/* Begin PBXFileReference section */
		D30846602AB60ECE00DA31D7 /* ContentViewModel.swift */ = {isa = PBXFileReference; lastKnownFileType = sourcecode.swift; path = ContentViewModel.swift; sourceTree = "<group>"; };
		D308469A2AB671C900DA31D7 /* QuizEnds.swift */ = {isa = PBXFileReference; lastKnownFileType = sourcecode.swift; path = QuizEnds.swift; sourceTree = "<group>"; };
		D36D96132AB561E400CB1809 /* TipFarm.app */ = {isa = PBXFileReference; explicitFileType = wrapper.application; includeInIndex = 0; path = TipFarm.app; sourceTree = BUILT_PRODUCTS_DIR; };
		D36D96162AB561E400CB1809 /* TipFarmApp.swift */ = {isa = PBXFileReference; lastKnownFileType = sourcecode.swift; path = TipFarmApp.swift; sourceTree = "<group>"; };
		D36D96182AB561E400CB1809 /* ContentView.swift */ = {isa = PBXFileReference; lastKnownFileType = sourcecode.swift; path = ContentView.swift; sourceTree = "<group>"; };
		D36D961A2AB561E500CB1809 /* Assets.xcassets */ = {isa = PBXFileReference; lastKnownFileType = folder.assetcatalog; path = Assets.xcassets; sourceTree = "<group>"; };
		D36D961D2AB561E500CB1809 /* Preview Assets.xcassets */ = {isa = PBXFileReference; lastKnownFileType = folder.assetcatalog; path = "Preview Assets.xcassets"; sourceTree = "<group>"; };
		D36D96232AB561E500CB1809 /* TipFarmTests.xctest */ = {isa = PBXFileReference; explicitFileType = wrapper.cfbundle; includeInIndex = 0; path = TipFarmTests.xctest; sourceTree = BUILT_PRODUCTS_DIR; };
		D36D96272AB561E500CB1809 /* TipFarmTests.swift */ = {isa = PBXFileReference; lastKnownFileType = sourcecode.swift; path = TipFarmTests.swift; sourceTree = "<group>"; };
		D36D962D2AB561E500CB1809 /* TipFarmUITests.xctest */ = {isa = PBXFileReference; explicitFileType = wrapper.cfbundle; includeInIndex = 0; path = TipFarmUITests.xctest; sourceTree = BUILT_PRODUCTS_DIR; };
		D36D96312AB561E500CB1809 /* TipFarmUITests.swift */ = {isa = PBXFileReference; lastKnownFileType = sourcecode.swift; path = TipFarmUITests.swift; sourceTree = "<group>"; };
		D36D96332AB561E500CB1809 /* TipFarmUITestsLaunchTests.swift */ = {isa = PBXFileReference; lastKnownFileType = sourcecode.swift; path = TipFarmUITestsLaunchTests.swift; sourceTree = "<group>"; };
		D37E41A12AB7418900FBE68E /* CarView.swift */ = {isa = PBXFileReference; lastKnownFileType = sourcecode.swift; path = CarView.swift; sourceTree = "<group>"; };
/* End PBXFileReference section */

/* Begin PBXFrameworksBuildPhase section */
		D36D96102AB561E400CB1809 /* Frameworks */ = {
			isa = PBXFrameworksBuildPhase;
			buildActionMask = 2147483647;
			files = (
			);
			runOnlyForDeploymentPostprocessing = 0;
		};
		D36D96202AB561E500CB1809 /* Frameworks */ = {
			isa = PBXFrameworksBuildPhase;
			buildActionMask = 2147483647;
			files = (
			);
			runOnlyForDeploymentPostprocessing = 0;
		};
		D36D962A2AB561E500CB1809 /* Frameworks */ = {
			isa = PBXFrameworksBuildPhase;
			buildActionMask = 2147483647;
			files = (
			);
			runOnlyForDeploymentPostprocessing = 0;
		};
/* End PBXFrameworksBuildPhase section */

/* Begin PBXGroup section */
		D36D960A2AB561E400CB1809 = {
			isa = PBXGroup;
			children = (
				D36D96152AB561E400CB1809 /* TipFarm */,
				D36D96262AB561E500CB1809 /* TipFarmTests */,
				D36D96302AB561E500CB1809 /* TipFarmUITests */,
				D36D96142AB561E400CB1809 /* Products */,
			);
			sourceTree = "<group>";
		};
		D36D96142AB561E400CB1809 /* Products */ = {
			isa = PBXGroup;
			children = (
				D36D96132AB561E400CB1809 /* TipFarm.app */,
				D36D96232AB561E500CB1809 /* TipFarmTests.xctest */,
				D36D962D2AB561E500CB1809 /* TipFarmUITests.xctest */,
			);
			name = Products;
			sourceTree = "<group>";
		};
		D36D96152AB561E400CB1809 /* TipFarm */ = {
			isa = PBXGroup;
			children = (
				D36D96162AB561E400CB1809 /* TipFarmApp.swift */,
				D36D96182AB561E400CB1809 /* ContentView.swift */,
				D30846602AB60ECE00DA31D7 /* ContentViewModel.swift */,
				D308469A2AB671C900DA31D7 /* QuizEnds.swift */,
				D37E41A12AB7418900FBE68E /* CarView.swift */,
				D36D961A2AB561E500CB1809 /* Assets.xcassets */,
				D36D961C2AB561E500CB1809 /* Preview Content */,
			);
			path = TipFarm;
			sourceTree = "<group>";
		};
		D36D961C2AB561E500CB1809 /* Preview Content */ = {
			isa = PBXGroup;
			children = (
				D36D961D2AB561E500CB1809 /* Preview Assets.xcassets */,
			);
			path = "Preview Content";
			sourceTree = "<group>";
		};
		D36D96262AB561E500CB1809 /* TipFarmTests */ = {
			isa = PBXGroup;
			children = (
				D36D96272AB561E500CB1809 /* TipFarmTests.swift */,
			);
			path = TipFarmTests;
			sourceTree = "<group>";
		};
		D36D96302AB561E500CB1809 /* TipFarmUITests */ = {
			isa = PBXGroup;
			children = (
				D36D96312AB561E500CB1809 /* TipFarmUITests.swift */,
				D36D96332AB561E500CB1809 /* TipFarmUITestsLaunchTests.swift */,
			);
			path = TipFarmUITests;
			sourceTree = "<group>";
		};
/* End PBXGroup section */

/* Begin PBXNativeTarget section */
		D36D96122AB561E400CB1809 /* TipFarm */ = {
			isa = PBXNativeTarget;
			buildConfigurationList = D36D96372AB561E500CB1809 /* Build configuration list for PBXNativeTarget "TipFarm" */;
			buildPhases = (
				D36D960F2AB561E400CB1809 /* Sources */,
				D36D96102AB561E400CB1809 /* Frameworks */,
				D36D96112AB561E400CB1809 /* Resources */,
				D30846812AB625AB00DA31D7 /* Embed Foundation Extensions */,
			);
			buildRules = (
			);
			dependencies = (
			);
			name = TipFarm;
			productName = TipFarm;
			productReference = D36D96132AB561E400CB1809 /* TipFarm.app */;
			productType = "com.apple.product-type.application";
		};
		D36D96222AB561E500CB1809 /* TipFarmTests */ = {
			isa = PBXNativeTarget;
			buildConfigurationList = D36D963A2AB561E500CB1809 /* Build configuration list for PBXNativeTarget "TipFarmTests" */;
			buildPhases = (
				D36D961F2AB561E500CB1809 /* Sources */,
				D36D96202AB561E500CB1809 /* Frameworks */,
				D36D96212AB561E500CB1809 /* Resources */,
			);
			buildRules = (
			);
			dependencies = (
				D36D96252AB561E500CB1809 /* PBXTargetDependency */,
			);
			name = TipFarmTests;
			productName = TipFarmTests;
			productReference = D36D96232AB561E500CB1809 /* TipFarmTests.xctest */;
			productType = "com.apple.product-type.bundle.unit-test";
		};
		D36D962C2AB561E500CB1809 /* TipFarmUITests */ = {
			isa = PBXNativeTarget;
			buildConfigurationList = D36D963D2AB561E500CB1809 /* Build configuration list for PBXNativeTarget "TipFarmUITests" */;
			buildPhases = (
				D36D96292AB561E500CB1809 /* Sources */,
				D36D962A2AB561E500CB1809 /* Frameworks */,
				D36D962B2AB561E500CB1809 /* Resources */,
			);
			buildRules = (
			);
			dependencies = (
				D36D962F2AB561E500CB1809 /* PBXTargetDependency */,
			);
			name = TipFarmUITests;
			productName = TipFarmUITests;
			productReference = D36D962D2AB561E500CB1809 /* TipFarmUITests.xctest */;
			productType = "com.apple.product-type.bundle.ui-testing";
		};
/* End PBXNativeTarget section */

/* Begin PBXProject section */
		D36D960B2AB561E400CB1809 /* Project object */ = {
			isa = PBXProject;
			attributes = {
				BuildIndependentTargetsInParallel = 1;
				LastSwiftUpdateCheck = 1430;
				LastUpgradeCheck = 1430;
				TargetAttributes = {
					D36D96122AB561E400CB1809 = {
						CreatedOnToolsVersion = 14.3.1;
					};
					D36D96222AB561E500CB1809 = {
						CreatedOnToolsVersion = 14.3.1;
						TestTargetID = D36D96122AB561E400CB1809;
					};
					D36D962C2AB561E500CB1809 = {
						CreatedOnToolsVersion = 14.3.1;
						TestTargetID = D36D96122AB561E400CB1809;
					};
				};
			};
			buildConfigurationList = D36D960E2AB561E400CB1809 /* Build configuration list for PBXProject "TipFarm" */;
			compatibilityVersion = "Xcode 14.0";
			developmentRegion = en;
			hasScannedForEncodings = 0;
			knownRegions = (
				en,
				Base,
			);
			mainGroup = D36D960A2AB561E400CB1809;
			productRefGroup = D36D96142AB561E400CB1809 /* Products */;
			projectDirPath = "";
			projectRoot = "";
			targets = (
				D36D96122AB561E400CB1809 /* TipFarm */,
				D36D96222AB561E500CB1809 /* TipFarmTests */,
				D36D962C2AB561E500CB1809 /* TipFarmUITests */,
			);
		};
/* End PBXProject section */

/* Begin PBXResourcesBuildPhase section */
		D36D96112AB561E400CB1809 /* Resources */ = {
			isa = PBXResourcesBuildPhase;
			buildActionMask = 2147483647;
			files = (
				D36D961E2AB561E500CB1809 /* Preview Assets.xcassets in Resources */,
				D36D961B2AB561E500CB1809 /* Assets.xcassets in Resources */,
			);
			runOnlyForDeploymentPostprocessing = 0;
		};
		D36D96212AB561E500CB1809 /* Resources */ = {
			isa = PBXResourcesBuildPhase;
			buildActionMask = 2147483647;
			files = (
			);
			runOnlyForDeploymentPostprocessing = 0;
		};
		D36D962B2AB561E500CB1809 /* Resources */ = {
			isa = PBXResourcesBuildPhase;
			buildActionMask = 2147483647;
			files = (
			);
			runOnlyForDeploymentPostprocessing = 0;
		};
/* End PBXResourcesBuildPhase section */

/* Begin PBXSourcesBuildPhase section */
		D36D960F2AB561E400CB1809 /* Sources */ = {
			isa = PBXSourcesBuildPhase;
			buildActionMask = 2147483647;
			files = (
				D30846612AB60ECE00DA31D7 /* ContentViewModel.swift in Sources */,
				D37E41A22AB7418900FBE68E /* CarView.swift in Sources */,
				D36D96192AB561E400CB1809 /* ContentView.swift in Sources */,
				D308469B2AB671C900DA31D7 /* QuizEnds.swift in Sources */,
				D36D96172AB561E400CB1809 /* TipFarmApp.swift in Sources */,
			);
			runOnlyForDeploymentPostprocessing = 0;
		};
		D36D961F2AB561E500CB1809 /* Sources */ = {
			isa = PBXSourcesBuildPhase;
			buildActionMask = 2147483647;
			files = (
				D36D96282AB561E500CB1809 /* TipFarmTests.swift in Sources */,
			);
			runOnlyForDeploymentPostprocessing = 0;
		};
		D36D96292AB561E500CB1809 /* Sources */ = {
			isa = PBXSourcesBuildPhase;
			buildActionMask = 2147483647;
			files = (
				D36D96342AB561E500CB1809 /* TipFarmUITestsLaunchTests.swift in Sources */,
				D36D96322AB561E500CB1809 /* TipFarmUITests.swift in Sources */,
			);
			runOnlyForDeploymentPostprocessing = 0;
		};
/* End PBXSourcesBuildPhase section */

/* Begin PBXTargetDependency section */
		D36D96252AB561E500CB1809 /* PBXTargetDependency */ = {
			isa = PBXTargetDependency;
			target = D36D96122AB561E400CB1809 /* TipFarm */;
			targetProxy = D36D96242AB561E500CB1809 /* PBXContainerItemProxy */;
		};
		D36D962F2AB561E500CB1809 /* PBXTargetDependency */ = {
			isa = PBXTargetDependency;
			target = D36D96122AB561E400CB1809 /* TipFarm */;
			targetProxy = D36D962E2AB561E500CB1809 /* PBXContainerItemProxy */;
		};
/* End PBXTargetDependency section */

/* Begin XCBuildConfiguration section */
		D36D96352AB561E500CB1809 /* Debug */ = {
			isa = XCBuildConfiguration;
			buildSettings = {
				ALWAYS_SEARCH_USER_PATHS = NO;
				CLANG_ANALYZER_NONNULL = YES;
				CLANG_ANALYZER_NUMBER_OBJECT_CONVERSION = YES_AGGRESSIVE;
				CLANG_CXX_LANGUAGE_STANDARD = "gnu++20";
				CLANG_ENABLE_MODULES = YES;
				CLANG_ENABLE_OBJC_ARC = YES;
				CLANG_ENABLE_OBJC_WEAK = YES;
				CLANG_WARN_BLOCK_CAPTURE_AUTORELEASING = YES;
				CLANG_WARN_BOOL_CONVERSION = YES;
				CLANG_WARN_COMMA = YES;
				CLANG_WARN_CONSTANT_CONVERSION = YES;
				CLANG_WARN_DEPRECATED_OBJC_IMPLEMENTATIONS = YES;
				CLANG_WARN_DIRECT_OBJC_ISA_USAGE = YES_ERROR;
				CLANG_WARN_DOCUMENTATION_COMMENTS = YES;
				CLANG_WARN_EMPTY_BODY = YES;
				CLANG_WARN_ENUM_CONVERSION = YES;
				CLANG_WARN_INFINITE_RECURSION = YES;
				CLANG_WARN_INT_CONVERSION = YES;
				CLANG_WARN_NON_LITERAL_NULL_CONVERSION = YES;
				CLANG_WARN_OBJC_IMPLICIT_RETAIN_SELF = YES;
				CLANG_WARN_OBJC_LITERAL_CONVERSION = YES;
				CLANG_WARN_OBJC_ROOT_CLASS = YES_ERROR;
				CLANG_WARN_QUOTED_INCLUDE_IN_FRAMEWORK_HEADER = YES;
				CLANG_WARN_RANGE_LOOP_ANALYSIS = YES;
				CLANG_WARN_STRICT_PROTOTYPES = YES;
				CLANG_WARN_SUSPICIOUS_MOVE = YES;
				CLANG_WARN_UNGUARDED_AVAILABILITY = YES_AGGRESSIVE;
				CLANG_WARN_UNREACHABLE_CODE = YES;
				CLANG_WARN__DUPLICATE_METHOD_MATCH = YES;
				COPY_PHASE_STRIP = NO;
				DEBUG_INFORMATION_FORMAT = dwarf;
				ENABLE_STRICT_OBJC_MSGSEND = YES;
				ENABLE_TESTABILITY = YES;
				GCC_C_LANGUAGE_STANDARD = gnu11;
				GCC_DYNAMIC_NO_PIC = NO;
				GCC_NO_COMMON_BLOCKS = YES;
				GCC_OPTIMIZATION_LEVEL = 0;
				GCC_PREPROCESSOR_DEFINITIONS = (
					"DEBUG=1",
					"$(inherited)",
				);
				GCC_WARN_64_TO_32_BIT_CONVERSION = YES;
				GCC_WARN_ABOUT_RETURN_TYPE = YES_ERROR;
				GCC_WARN_UNDECLARED_SELECTOR = YES;
				GCC_WARN_UNINITIALIZED_AUTOS = YES_AGGRESSIVE;
				GCC_WARN_UNUSED_FUNCTION = YES;
				GCC_WARN_UNUSED_VARIABLE = YES;
				IPHONEOS_DEPLOYMENT_TARGET = 16.4;
				MTL_ENABLE_DEBUG_INFO = INCLUDE_SOURCE;
				MTL_FAST_MATH = YES;
				ONLY_ACTIVE_ARCH = YES;
				SDKROOT = iphoneos;
				SWIFT_ACTIVE_COMPILATION_CONDITIONS = DEBUG;
				SWIFT_OPTIMIZATION_LEVEL = "-Onone";
			};
			name = Debug;
		};
		D36D96362AB561E500CB1809 /* Release */ = {
			isa = XCBuildConfiguration;
			buildSettings = {
				ALWAYS_SEARCH_USER_PATHS = NO;
				CLANG_ANALYZER_NONNULL = YES;
				CLANG_ANALYZER_NUMBER_OBJECT_CONVERSION = YES_AGGRESSIVE;
				CLANG_CXX_LANGUAGE_STANDARD = "gnu++20";
				CLANG_ENABLE_MODULES = YES;
				CLANG_ENABLE_OBJC_ARC = YES;
				CLANG_ENABLE_OBJC_WEAK = YES;
				CLANG_WARN_BLOCK_CAPTURE_AUTORELEASING = YES;
				CLANG_WARN_BOOL_CONVERSION = YES;
				CLANG_WARN_COMMA = YES;
				CLANG_WARN_CONSTANT_CONVERSION = YES;
				CLANG_WARN_DEPRECATED_OBJC_IMPLEMENTATIONS = YES;
				CLANG_WARN_DIRECT_OBJC_ISA_USAGE = YES_ERROR;
				CLANG_WARN_DOCUMENTATION_COMMENTS = YES;
				CLANG_WARN_EMPTY_BODY = YES;
				CLANG_WARN_ENUM_CONVERSION = YES;
				CLANG_WARN_INFINITE_RECURSION = YES;
				CLANG_WARN_INT_CONVERSION = YES;
				CLANG_WARN_NON_LITERAL_NULL_CONVERSION = YES;
				CLANG_WARN_OBJC_IMPLICIT_RETAIN_SELF = YES;
				CLANG_WARN_OBJC_LITERAL_CONVERSION = YES;
				CLANG_WARN_OBJC_ROOT_CLASS = YES_ERROR;
				CLANG_WARN_QUOTED_INCLUDE_IN_FRAMEWORK_HEADER = YES;
				CLANG_WARN_RANGE_LOOP_ANALYSIS = YES;
				CLANG_WARN_STRICT_PROTOTYPES = YES;
				CLANG_WARN_SUSPICIOUS_MOVE = YES;
				CLANG_WARN_UNGUARDED_AVAILABILITY = YES_AGGRESSIVE;
				CLANG_WARN_UNREACHABLE_CODE = YES;
				CLANG_WARN__DUPLICATE_METHOD_MATCH = YES;
				COPY_PHASE_STRIP = NO;
				DEBUG_INFORMATION_FORMAT = "dwarf-with-dsym";
				ENABLE_NS_ASSERTIONS = NO;
				ENABLE_STRICT_OBJC_MSGSEND = YES;
				GCC_C_LANGUAGE_STANDARD = gnu11;
				GCC_NO_COMMON_BLOCKS = YES;
				GCC_WARN_64_TO_32_BIT_CONVERSION = YES;
				GCC_WARN_ABOUT_RETURN_TYPE = YES_ERROR;
				GCC_WARN_UNDECLARED_SELECTOR = YES;
				GCC_WARN_UNINITIALIZED_AUTOS = YES_AGGRESSIVE;
				GCC_WARN_UNUSED_FUNCTION = YES;
				GCC_WARN_UNUSED_VARIABLE = YES;
				IPHONEOS_DEPLOYMENT_TARGET = 16.4;
				MTL_ENABLE_DEBUG_INFO = NO;
				MTL_FAST_MATH = YES;
				SDKROOT = iphoneos;
				SWIFT_COMPILATION_MODE = wholemodule;
				SWIFT_OPTIMIZATION_LEVEL = "-O";
				VALIDATE_PRODUCT = YES;
			};
			name = Release;
		};
		D36D96382AB561E500CB1809 /* Debug */ = {
			isa = XCBuildConfiguration;
			buildSettings = {
				ALWAYS_EMBED_SWIFT_STANDARD_LIBRARIES = YES;
				ASSETCATALOG_COMPILER_APPICON_NAME = AppIcon;
				ASSETCATALOG_COMPILER_GLOBAL_ACCENT_COLOR_NAME = AccentColor;
				CODE_SIGN_STYLE = Automatic;
				CURRENT_PROJECT_VERSION = 1;
				DEVELOPMENT_ASSET_PATHS = "\"TipFarm/Preview Content\"";
				DEVELOPMENT_TEAM = 62X5SNLX8B;
				ENABLE_PREVIEWS = YES;
				GENERATE_INFOPLIST_FILE = YES;
				INFOPLIST_KEY_UIApplicationSceneManifest_Generation = YES;
				INFOPLIST_KEY_UIApplicationSupportsIndirectInputEvents = YES;
				INFOPLIST_KEY_UILaunchScreen_Generation = YES;
				INFOPLIST_KEY_UISupportedInterfaceOrientations_iPad = "UIInterfaceOrientationPortrait UIInterfaceOrientationPortraitUpsideDown UIInterfaceOrientationLandscapeLeft UIInterfaceOrientationLandscapeRight";
				INFOPLIST_KEY_UISupportedInterfaceOrientations_iPhone = "UIInterfaceOrientationPortrait UIInterfaceOrientationLandscapeLeft UIInterfaceOrientationLandscapeRight";
				LD_RUNPATH_SEARCH_PATHS = (
					"$(inherited)",
					"@executable_path/Frameworks",
				);
				MARKETING_VERSION = 1.0;
				PRODUCT_BUNDLE_IDENTIFIER = davidperez.TipFarm;
				PRODUCT_NAME = "$(TARGET_NAME)";
				SWIFT_EMIT_LOC_STRINGS = YES;
				SWIFT_VERSION = 5.0;
				TARGETED_DEVICE_FAMILY = "1,2";
			};
			name = Debug;
		};
		D36D96392AB561E500CB1809 /* Release */ = {
			isa = XCBuildConfiguration;
			buildSettings = {
				ALWAYS_EMBED_SWIFT_STANDARD_LIBRARIES = YES;
				ASSETCATALOG_COMPILER_APPICON_NAME = AppIcon;
				ASSETCATALOG_COMPILER_GLOBAL_ACCENT_COLOR_NAME = AccentColor;
				CODE_SIGN_STYLE = Automatic;
				CURRENT_PROJECT_VERSION = 1;
				DEVELOPMENT_ASSET_PATHS = "\"TipFarm/Preview Content\"";
				DEVELOPMENT_TEAM = 62X5SNLX8B;
				ENABLE_PREVIEWS = YES;
				GENERATE_INFOPLIST_FILE = YES;
				INFOPLIST_KEY_UIApplicationSceneManifest_Generation = YES;
				INFOPLIST_KEY_UIApplicationSupportsIndirectInputEvents = YES;
				INFOPLIST_KEY_UILaunchScreen_Generation = YES;
				INFOPLIST_KEY_UISupportedInterfaceOrientations_iPad = "UIInterfaceOrientationPortrait UIInterfaceOrientationPortraitUpsideDown UIInterfaceOrientationLandscapeLeft UIInterfaceOrientationLandscapeRight";
				INFOPLIST_KEY_UISupportedInterfaceOrientations_iPhone = "UIInterfaceOrientationPortrait UIInterfaceOrientationLandscapeLeft UIInterfaceOrientationLandscapeRight";
				LD_RUNPATH_SEARCH_PATHS = (
					"$(inherited)",
					"@executable_path/Frameworks",
				);
				MARKETING_VERSION = 1.0;
				PRODUCT_BUNDLE_IDENTIFIER = davidperez.TipFarm;
				PRODUCT_NAME = "$(TARGET_NAME)";
				SWIFT_EMIT_LOC_STRINGS = YES;
				SWIFT_VERSION = 5.0;
				TARGETED_DEVICE_FAMILY = "1,2";
			};
			name = Release;
		};
		D36D963B2AB561E500CB1809 /* Debug */ = {
			isa = XCBuildConfiguration;
			buildSettings = {
				ALWAYS_EMBED_SWIFT_STANDARD_LIBRARIES = YES;
				BUNDLE_LOADER = "$(TEST_HOST)";
				CODE_SIGN_STYLE = Automatic;
				CURRENT_PROJECT_VERSION = 1;
				DEVELOPMENT_TEAM = 62X5SNLX8B;
				GENERATE_INFOPLIST_FILE = YES;
				IPHONEOS_DEPLOYMENT_TARGET = 16.4;
				MARKETING_VERSION = 1.0;
				PRODUCT_BUNDLE_IDENTIFIER = davidperez.TipFarmTests;
				PRODUCT_NAME = "$(TARGET_NAME)";
				SWIFT_EMIT_LOC_STRINGS = NO;
				SWIFT_VERSION = 5.0;
				TARGETED_DEVICE_FAMILY = "1,2";
				TEST_HOST = "$(BUILT_PRODUCTS_DIR)/TipFarm.app/$(BUNDLE_EXECUTABLE_FOLDER_PATH)/TipFarm";
			};
			name = Debug;
		};
		D36D963C2AB561E500CB1809 /* Release */ = {
			isa = XCBuildConfiguration;
			buildSettings = {
				ALWAYS_EMBED_SWIFT_STANDARD_LIBRARIES = YES;
				BUNDLE_LOADER = "$(TEST_HOST)";
				CODE_SIGN_STYLE = Automatic;
				CURRENT_PROJECT_VERSION = 1;
				DEVELOPMENT_TEAM = 62X5SNLX8B;
				GENERATE_INFOPLIST_FILE = YES;
				IPHONEOS_DEPLOYMENT_TARGET = 16.4;
				MARKETING_VERSION = 1.0;
				PRODUCT_BUNDLE_IDENTIFIER = davidperez.TipFarmTests;
				PRODUCT_NAME = "$(TARGET_NAME)";
				SWIFT_EMIT_LOC_STRINGS = NO;
				SWIFT_VERSION = 5.0;
				TARGETED_DEVICE_FAMILY = "1,2";
				TEST_HOST = "$(BUILT_PRODUCTS_DIR)/TipFarm.app/$(BUNDLE_EXECUTABLE_FOLDER_PATH)/TipFarm";
			};
			name = Release;
		};
		D36D963E2AB561E500CB1809 /* Debug */ = {
			isa = XCBuildConfiguration;
			buildSettings = {
				ALWAYS_EMBED_SWIFT_STANDARD_LIBRARIES = YES;
				CODE_SIGN_STYLE = Automatic;
				CURRENT_PROJECT_VERSION = 1;
				DEVELOPMENT_TEAM = 62X5SNLX8B;
				GENERATE_INFOPLIST_FILE = YES;
				MARKETING_VERSION = 1.0;
				PRODUCT_BUNDLE_IDENTIFIER = davidperez.TipFarmUITests;
				PRODUCT_NAME = "$(TARGET_NAME)";
				SWIFT_EMIT_LOC_STRINGS = NO;
				SWIFT_VERSION = 5.0;
				TARGETED_DEVICE_FAMILY = "1,2";
				TEST_TARGET_NAME = TipFarm;
			};
			name = Debug;
		};
		D36D963F2AB561E500CB1809 /* Release */ = {
			isa = XCBuildConfiguration;
			buildSettings = {
				ALWAYS_EMBED_SWIFT_STANDARD_LIBRARIES = YES;
				CODE_SIGN_STYLE = Automatic;
				CURRENT_PROJECT_VERSION = 1;
				DEVELOPMENT_TEAM = 62X5SNLX8B;
				GENERATE_INFOPLIST_FILE = YES;
				MARKETING_VERSION = 1.0;
				PRODUCT_BUNDLE_IDENTIFIER = davidperez.TipFarmUITests;
				PRODUCT_NAME = "$(TARGET_NAME)";
				SWIFT_EMIT_LOC_STRINGS = NO;
				SWIFT_VERSION = 5.0;
				TARGETED_DEVICE_FAMILY = "1,2";
				TEST_TARGET_NAME = TipFarm;
			};
			name = Release;
		};
/* End XCBuildConfiguration section */

/* Begin XCConfigurationList section */
		D36D960E2AB561E400CB1809 /* Build configuration list for PBXProject "TipFarm" */ = {
			isa = XCConfigurationList;
			buildConfigurations = (
				D36D96352AB561E500CB1809 /* Debug */,
				D36D96362AB561E500CB1809 /* Release */,
			);
			defaultConfigurationIsVisible = 0;
			defaultConfigurationName = Release;
		};
		D36D96372AB561E500CB1809 /* Build configuration list for PBXNativeTarget "TipFarm" */ = {
			isa = XCConfigurationList;
			buildConfigurations = (
				D36D96382AB561E500CB1809 /* Debug */,
				D36D96392AB561E500CB1809 /* Release */,
			);
			defaultConfigurationIsVisible = 0;
			defaultConfigurationName = Release;
		};
		D36D963A2AB561E500CB1809 /* Build configuration list for PBXNativeTarget "TipFarmTests" */ = {
			isa = XCConfigurationList;
			buildConfigurations = (
				D36D963B2AB561E500CB1809 /* Debug */,
				D36D963C2AB561E500CB1809 /* Release */,
			);
			defaultConfigurationIsVisible = 0;
			defaultConfigurationName = Release;
		};
		D36D963D2AB561E500CB1809 /* Build configuration list for PBXNativeTarget "TipFarmUITests" */ = {
			isa = XCConfigurationList;
			buildConfigurations = (
				D36D963E2AB561E500CB1809 /* Debug */,
				D36D963F2AB561E500CB1809 /* Release */,
			);
			defaultConfigurationIsVisible = 0;
			defaultConfigurationName = Release;
		};
/* End XCConfigurationList section */
	};
	rootObject = D36D960B2AB561E400CB1809 /* Project object */;
}
